
Microsoft Visual Studio Solution File, Format Version 12.00
# Visual Studio Version 17
VisualStudioVersion = 17.1.32228.430
MinimumVisualStudioVersion = 10.0.40219.1
Project("{8BC9CEB8-8B4A-11D0-8D11-00A0C91BC942}") = "Proiect_final", "Proiect_final\Proiect_final.vcxproj", "{F6E30B5E-34FF-40A4-9A43-DEDCC1A6B8EC}"
EndProject
Global
	GlobalSection(SolutionConfigurationPlatforms) = preSolution
		Debug|x64 = Debug|x64
		Debug|x86 = Debug|x86
		Release|x64 = Release|x64
		Release|x86 = Release|x86
	EndGlobalSection
	GlobalSection(ProjectConfigurationPlatforms) = postSolution
		{F6E30B5E-34FF-40A4-9A43-DEDCC1A6B8EC}.Debug|x64.ActiveCfg = Debug|x64
		{F6E30B5E-34FF-40A4-9A43-DEDCC1A6B8EC}.Debug|x64.Build.0 = Debug|x64
		{F6E30B5E-34FF-40A4-9A43-DEDCC1A6B8EC}.Debug|x86.ActiveCfg = Debug|Win32
		{F6E30B5E-34FF-40A4-9A43-DEDCC1A6B8EC}.Debug|x86.Build.0 = Debug|Win32
		{F6E30B5E-34FF-40A4-9A43-DEDCC1A6B8EC}.Release|x64.ActiveCfg = Release|x64
		{F6E30B5E-34FF-40A4-9A43-DEDCC1A6B8EC}.Release|x64.Build.0 = Release|x64
		{F6E30B5E-34FF-40A4-9A43-DEDCC1A6B8EC}.Release|x86.ActiveCfg = Release|Win32
		{F6E30B5E-34FF-40A4-9A43-DEDCC1A6B8EC}.Release|x86.Build.0 = Release|Win32
	EndGlobalSection
	GlobalSection(SolutionProperties) = preSolution
		HideSolutionNode = FALSE
	EndGlobalSection
	GlobalSection(ExtensibilityGlobals) = postSolution
		SolutionGuid = {0F1C5077-678F-4B36-B4CD-87B2837441B6}
	EndGlobalSection
EndGlobal
